github.com/dustin/go-humanize v1.0.0 h1:VSnTsYCnlFHaM2/igO1h6X3HA71jcobQuxemgkq4zYo=
github.com/dustin/go-humanize v1.0.0/go.mod h1:HtrtbFcZ19U5GC7JDqmcUSB87Iq5E25KnS6fMYU6eOk=
github.com/vit1251/goncurses v0.0.0-20211216105603-2c17631c57f2 h1:eSp9uS5jxidqlQGoAfds+1rrODpR+wEi1SjvVGqAYHo=
github.com/vit1251/goncurses v0.0.0-20211216105603-2c17631c57f2/go.mod h1:IN/YFFz2UNaYGLEH0avbZXbYmBcYUbq7uYk8xUUVBAI=
golang.org/x/sys v0.0.0-20211216021012-1d35b9e2eb4e h1:fLOSk5Q00efkSvAm+4xcoXD+RRmLmmulPn5I3Y9F2EM=
golang.org/x/sys v0.0.0-20211216021012-1d35b9e2eb4e/go.mod h1:oPkhp1MJrh7nUepCBck5+mAzfO9JrbApNNgaTdGDITg=
